
Microsoft Visual Studio Solution File, Format Version 12.00
# Visual Studio Version 16
VisualStudioVersion = 16.0.30002.166
MinimumVisualStudioVersion = 10.0.40219.1
Project("{FAE04EC0-301F-11D3-BF4B-00C04F79EFBC}") = "VectorThing", "VectorThing\VectorThing.csproj", "{8F698C55-0490-4DF5-84D0-8E58835406D7}"
EndProject
Global
	GlobalSection(SolutionConfigurationPlatforms) = preSolution
		Debug|Any CPU = Debug|Any CPU
		Release|Any CPU = Release|Any CPU
	EndGlobalSection
	GlobalSection(ProjectConfigurationPlatforms) = postSolution
		{8F698C55-0490-4DF5-84D0-8E58835406D7}.Debug|Any CPU.ActiveCfg = Debug|Any CPU
		{8F698C55-0490-4DF5-84D0-8E58835406D7}.Debug|Any CPU.Build.0 = Debug|Any CPU
		{8F698C55-0490-4DF5-84D0-8E58835406D7}.Release|Any CPU.ActiveCfg = Release|Any CPU
		{8F698C55-0490-4DF5-84D0-8E58835406D7}.Release|Any CPU.Build.0 = Release|Any CPU
	EndGlobalSection
	GlobalSection(SolutionProperties) = preSolution
		HideSolutionNode = FALSE
	EndGlobalSection
	GlobalSection(ExtensibilityGlobals) = postSolution
		SolutionGuid = {9FF167F7-F512-4809-A3B0-4C2A6303DE86}
	EndGlobalSection
EndGlobal
